<?xml version="1.0" encoding="utf-8"?>
<Project ToolsVersion="4.0" xmlns="http://schemas.microsoft.com/developer/msbuild/2003">
  <ItemGroup>
    <Filter Include="Source Files">
      <UniqueIdentifier>{4FC737F1-C7A5-4376-A066-2A32D752A2FF}</UniqueIdentifier>
      <Extensions>cpp;c;cc;cxx;def;odl;idl;hpj;bat;asm;asmx</Extensions>
    </Filter>
    <Filter Include="Header Files">
      <UniqueIdentifier>{93995380-89BD-4b04-88EB-625FBE52EBFB}</UniqueIdentifier>
      <Extensions>h;hh;hpp;hxx;hm;inl;inc;xsd</Extensions>
    </Filter>
    <Filter Include="Resource Files">
      <UniqueIdentifier>{67DA6AB6-F800-4c08-8B7A-83BB121AAD01}</UniqueIdentifier>
      <Extensions>rc;ico;cur;bmp;dlg;rc2;rct;bin;rgs;gif;jpg;jpeg;jpe;resx;tiff;tif;png;wav;mfcribbon-ms</Extensions>
    </Filter>
  </ItemGroup>
  <ItemGroup>
    <Text Include="ReadMe.txt" />
  </ItemGroup>
  <ItemGroup>
    <ClInclude Include="stdafx.h">
      <Filter>Header Files</Filter>
    </ClInclude>
    <ClInclude Include="targetver.h">
      <Filter>Header Files</Filter>
    </ClInclude>
    <ClInclude Include="FbxDeleter.h">
      <Filter>Header Files</Filter>
    </ClInclude>
    <ClInclude Include="FbxLoadException.h">
      <Filter>Header Files</Filter>
    </ClInclude>
    <ClInclude Include="FbxSceneLoader.h">
      <Filter>Header Files</Filter>
    </ClInclude>
    <ClInclude Include="BabylonVertex.h">
      <Filter>Header Files</Filter>
    </ClInclude>
    <ClInclude Include="BabylonNode.h">
      <Filter>Header Files</Filter>
    </ClInclude>
    <ClInclude Include="BabylonAbstractMesh.h">
      <Filter>Header Files</Filter>
    </ClInclude>
    <ClInclude Include="BabylonMesh.h">
      <Filter>Header Files</Filter>
    </ClInclude>
    <ClInclude Include="BabylonScene.h">
      <Filter>Header Files</Filter>
    </ClInclude>
    <ClInclude Include="BabylonMaterial.h">
      <Filter>Header Files</Filter>
    </ClInclude>
    <ClInclude Include="BabylonCamera.h">
      <Filter>Header Files</Filter>
    </ClInclude>
    <ClInclude Include="NodeHelpers.h">
      <Filter>Header Files</Filter>
    </ClInclude>
    <ClInclude Include="BabylonLight.h">
      <Filter>Header Files</Filter>
    </ClInclude>
    <ClInclude Include="BabylonAnimation.h">
      <Filter>Header Files</Filter>
    </ClInclude>
    <ClInclude Include="SkinInfo.h">
      <Filter>Header Files</Filter>
    </ClInclude>
    <ClInclude Include="BabylonSkeleton.h">
      <Filter>Header Files</Filter>
    </ClInclude>
    <ClInclude Include="GlobalSettings.h">
      <Filter>Header Files</Filter>
    </ClInclude>
    <ClInclude Include="MatrixDecomposition.h">
      <Filter>Header Files</Filter>
    </ClInclude>
    <ClInclude Include="StringUtils.h">
      <Filter>Header Files</Filter>
    </ClInclude>
  </ItemGroup>
  <ItemGroup>
    <ClCompile Include="stdafx.cpp">
      <Filter>Source Files</Filter>
    </ClCompile>
    <ClCompile Include="FbxLoadException.cpp">
      <Filter>Source Files</Filter>
    </ClCompile>
    <ClCompile Include="FbxSceneLoader.cpp">
      <Filter>Source Files</Filter>
    </ClCompile>
    <ClCompile Include="babylon_boundingbox.cpp">
      <Filter>Source Files</Filter>
    </ClCompile>
    <ClCompile Include="BabylonNode.cpp">
      <Filter>Source Files</Filter>
    </ClCompile>
    <ClCompile Include="BabylonAbstractMesh.cpp">
      <Filter>Source Files</Filter>
    </ClCompile>
    <ClCompile Include="BabylonMesh.cpp">
      <Filter>Source Files</Filter>
    </ClCompile>
    <ClCompile Include="BabylonScene.cpp">
      <Filter>Source Files</Filter>
    </ClCompile>
    <ClCompile Include="BabylonMaterial.cpp">
      <Filter>Source Files</Filter>
    </ClCompile>
    <ClCompile Include="BabylonCamera.cpp">
      <Filter>Source Files</Filter>
    </ClCompile>
    <ClCompile Include="BabylonLight.cpp">
      <Filter>Source Files</Filter>
    </ClCompile>
    <ClCompile Include="BabylonAnimation.cpp">
      <Filter>Source Files</Filter>
    </ClCompile>
    <ClCompile Include="SkinInfo.cpp">
      <Filter>Source Files</Filter>
    </ClCompile>
    <ClCompile Include="BabylonSkeleton.cpp">
      <Filter>Source Files</Filter>
    </ClCompile>
    <ClCompile Include="GlobalSettings.cpp">
      <Filter>Source Files</Filter>
    </ClCompile>
  </ItemGroup>
  <ItemGroup>
    <None Include="packages.config" />
  </ItemGroup>
</Project>