
Microsoft Visual Studio Solution File, Format Version 12.00
# Visual Studio 14
VisualStudioVersion = 14.0.25420.1
MinimumVisualStudioVersion = 10.0.40219.1
Project("{FAE04EC0-301F-11D3-BF4B-00C04F79EFBC}") = "Babylon.js", "Babylon.js.csproj", "{1D037CAD-6A6E-4B87-972D-F412E09C307E}"
EndProject
Global
	GlobalSection(SolutionConfigurationPlatforms) = preSolution
		Debug|Any CPU = Debug|Any CPU
		Release|Any CPU = Release|Any CPU
	EndGlobalSection
	GlobalSection(ProjectConfigurationPlatforms) = postSolution
		{1D037CAD-6A6E-4B87-972D-F412E09C307E}.Debug|Any CPU.ActiveCfg = Debug|Any CPU
		{1D037CAD-6A6E-4B87-972D-F412E09C307E}.Debug|Any CPU.Build.0 = Debug|Any CPU
		{1D037CAD-6A6E-4B87-972D-F412E09C307E}.Release|Any CPU.ActiveCfg = Release|Any CPU
		{1D037CAD-6A6E-4B87-972D-F412E09C307E}.Release|Any CPU.Build.0 = Release|Any CPU
	EndGlobalSection
	GlobalSection(SolutionProperties) = preSolution
		HideSolutionNode = FALSE
	EndGlobalSection
EndGlobal
