Microsoft Visual Studio Solution File, Format Version 9.00
# Visual Studio 2005
Project("{8BC9CEB8-8B4A-11D0-8D11-00A0C91BC942}") = "FreeImagePlus", "FreeImagePlus.2005.vcproj", "{94F36908-A4E2-4533-939D-64FF6EADA5A1}"
EndProject
Global
	GlobalSection(SolutionConfigurationPlatforms) = preSolution
		Debug|Win32 = Debug|Win32
		Release|Win32 = Release|Win32
	EndGlobalSection
	GlobalSection(ProjectConfigurationPlatforms) = postSolution
		{94F36908-A4E2-4533-939D-64FF6EADA5A1}.Debug|Win32.ActiveCfg = Debug|Win32
		{94F36908-A4E2-4533-939D-64FF6EADA5A1}.Debug|Win32.Build.0 = Debug|Win32
		{94F36908-A4E2-4533-939D-64FF6EADA5A1}.Release|Win32.ActiveCfg = Release|Win32
		{94F36908-A4E2-4533-939D-64FF6EADA5A1}.Release|Win32.Build.0 = Release|Win32
	EndGlobalSection
	GlobalSection(SolutionProperties) = preSolution
		HideSolutionNode = FALSE
	EndGlobalSection
EndGlobal
