
Microsoft Visual Studio Solution File, Format Version 12.00
<<<<<<< HEAD
# Visual Studio 2013
=======
# Visual Studio Express 2013 for Windows Desktop
>>>>>>> cfb69ce8199c03d8c1e9b84a890218e1645564d5
VisualStudioVersion = 12.0.30723.0
MinimumVisualStudioVersion = 10.0.40219.1
Project("{FAE04EC0-301F-11D3-BF4B-00C04F79EFBC}") = "BabylonExport.Core", "XNA - OBJ\BabylonExport.Core\BabylonExport.Core.csproj", "{CE70B051-FB63-420D-80C0-51CC03A214BA}"
EndProject
Project("{FAE04EC0-301F-11D3-BF4B-00C04F79EFBC}") = "BabylonExport.Interface", "XNA - OBJ\BabylonExport.Interface\BabylonExport.Interface.csproj", "{DEC52846-FFCB-4A66-9F13-64F65B61EDBA}"
EndProject
Project("{FAE04EC0-301F-11D3-BF4B-00C04F79EFBC}") = "BabylonExport", "XNA - OBJ\BabylonExport\BabylonExport.csproj", "{1E0A8EB2-7022-42E2-8970-F0374188A09D}"
EndProject
<<<<<<< HEAD
=======
Project("{FAE04EC0-301F-11D3-BF4B-00C04F79EFBC}") = "BinaryConverter", "BinaryConverter\BinaryConverter.csproj", "{78DEBAD0-4265-4237-9FB3-2AEB63EED7EF}"
EndProject
>>>>>>> cfb69ce8199c03d8c1e9b84a890218e1645564d5
Global
	GlobalSection(SolutionConfigurationPlatforms) = preSolution
		Debug|Any CPU = Debug|Any CPU
		Debug|Mixed Platforms = Debug|Mixed Platforms
		Debug|x64 = Debug|x64
		Debug|x86 = Debug|x86
		Release|Any CPU = Release|Any CPU
		Release|Mixed Platforms = Release|Mixed Platforms
		Release|x64 = Release|x64
		Release|x86 = Release|x86
	EndGlobalSection
	GlobalSection(ProjectConfigurationPlatforms) = postSolution
		{CE70B051-FB63-420D-80C0-51CC03A214BA}.Debug|Any CPU.ActiveCfg = Debug|Any CPU
		{CE70B051-FB63-420D-80C0-51CC03A214BA}.Debug|Any CPU.Build.0 = Debug|Any CPU
		{CE70B051-FB63-420D-80C0-51CC03A214BA}.Debug|Mixed Platforms.ActiveCfg = Debug|Any CPU
		{CE70B051-FB63-420D-80C0-51CC03A214BA}.Debug|Mixed Platforms.Build.0 = Debug|Any CPU
		{CE70B051-FB63-420D-80C0-51CC03A214BA}.Debug|x64.ActiveCfg = Debug|Any CPU
		{CE70B051-FB63-420D-80C0-51CC03A214BA}.Debug|x86.ActiveCfg = Debug|Any CPU
		{CE70B051-FB63-420D-80C0-51CC03A214BA}.Release|Any CPU.ActiveCfg = Release|Any CPU
		{CE70B051-FB63-420D-80C0-51CC03A214BA}.Release|Any CPU.Build.0 = Release|Any CPU
		{CE70B051-FB63-420D-80C0-51CC03A214BA}.Release|Mixed Platforms.ActiveCfg = Release|Any CPU
		{CE70B051-FB63-420D-80C0-51CC03A214BA}.Release|Mixed Platforms.Build.0 = Release|Any CPU
		{CE70B051-FB63-420D-80C0-51CC03A214BA}.Release|x64.ActiveCfg = Release|Any CPU
		{CE70B051-FB63-420D-80C0-51CC03A214BA}.Release|x86.ActiveCfg = Release|Any CPU
		{DEC52846-FFCB-4A66-9F13-64F65B61EDBA}.Debug|Any CPU.ActiveCfg = Debug|Any CPU
		{DEC52846-FFCB-4A66-9F13-64F65B61EDBA}.Debug|Any CPU.Build.0 = Debug|Any CPU
		{DEC52846-FFCB-4A66-9F13-64F65B61EDBA}.Debug|Mixed Platforms.ActiveCfg = Debug|Any CPU
		{DEC52846-FFCB-4A66-9F13-64F65B61EDBA}.Debug|Mixed Platforms.Build.0 = Debug|Any CPU
		{DEC52846-FFCB-4A66-9F13-64F65B61EDBA}.Debug|x64.ActiveCfg = Debug|Any CPU
		{DEC52846-FFCB-4A66-9F13-64F65B61EDBA}.Debug|x86.ActiveCfg = Debug|Any CPU
		{DEC52846-FFCB-4A66-9F13-64F65B61EDBA}.Release|Any CPU.ActiveCfg = Release|Any CPU
		{DEC52846-FFCB-4A66-9F13-64F65B61EDBA}.Release|Any CPU.Build.0 = Release|Any CPU
		{DEC52846-FFCB-4A66-9F13-64F65B61EDBA}.Release|Mixed Platforms.ActiveCfg = Release|Any CPU
		{DEC52846-FFCB-4A66-9F13-64F65B61EDBA}.Release|Mixed Platforms.Build.0 = Release|Any CPU
		{DEC52846-FFCB-4A66-9F13-64F65B61EDBA}.Release|x64.ActiveCfg = Release|Any CPU
		{DEC52846-FFCB-4A66-9F13-64F65B61EDBA}.Release|x86.ActiveCfg = Release|Any CPU
		{1E0A8EB2-7022-42E2-8970-F0374188A09D}.Debug|Any CPU.ActiveCfg = Debug|Any CPU
		{1E0A8EB2-7022-42E2-8970-F0374188A09D}.Debug|Any CPU.Build.0 = Debug|Any CPU
		{1E0A8EB2-7022-42E2-8970-F0374188A09D}.Debug|Mixed Platforms.ActiveCfg = Debug|x86
		{1E0A8EB2-7022-42E2-8970-F0374188A09D}.Debug|Mixed Platforms.Build.0 = Debug|x86
		{1E0A8EB2-7022-42E2-8970-F0374188A09D}.Debug|x64.ActiveCfg = Debug|x64
		{1E0A8EB2-7022-42E2-8970-F0374188A09D}.Debug|x64.Build.0 = Debug|x64
		{1E0A8EB2-7022-42E2-8970-F0374188A09D}.Debug|x86.ActiveCfg = Debug|x86
		{1E0A8EB2-7022-42E2-8970-F0374188A09D}.Debug|x86.Build.0 = Debug|x86
		{1E0A8EB2-7022-42E2-8970-F0374188A09D}.Release|Any CPU.ActiveCfg = Release|Any CPU
		{1E0A8EB2-7022-42E2-8970-F0374188A09D}.Release|Any CPU.Build.0 = Release|Any CPU
		{1E0A8EB2-7022-42E2-8970-F0374188A09D}.Release|Mixed Platforms.ActiveCfg = Release|x86
		{1E0A8EB2-7022-42E2-8970-F0374188A09D}.Release|Mixed Platforms.Build.0 = Release|x86
		{1E0A8EB2-7022-42E2-8970-F0374188A09D}.Release|x64.ActiveCfg = Release|x64
		{1E0A8EB2-7022-42E2-8970-F0374188A09D}.Release|x64.Build.0 = Release|x64
		{1E0A8EB2-7022-42E2-8970-F0374188A09D}.Release|x86.ActiveCfg = Release|x86
		{1E0A8EB2-7022-42E2-8970-F0374188A09D}.Release|x86.Build.0 = Release|x86
<<<<<<< HEAD
=======
		{78DEBAD0-4265-4237-9FB3-2AEB63EED7EF}.Debug|Any CPU.ActiveCfg = Debug|Any CPU
		{78DEBAD0-4265-4237-9FB3-2AEB63EED7EF}.Debug|Any CPU.Build.0 = Debug|Any CPU
		{78DEBAD0-4265-4237-9FB3-2AEB63EED7EF}.Debug|Mixed Platforms.ActiveCfg = Debug|Any CPU
		{78DEBAD0-4265-4237-9FB3-2AEB63EED7EF}.Debug|Mixed Platforms.Build.0 = Debug|Any CPU
		{78DEBAD0-4265-4237-9FB3-2AEB63EED7EF}.Debug|x64.ActiveCfg = Debug|Any CPU
		{78DEBAD0-4265-4237-9FB3-2AEB63EED7EF}.Debug|x86.ActiveCfg = Debug|Any CPU
		{78DEBAD0-4265-4237-9FB3-2AEB63EED7EF}.Release|Any CPU.ActiveCfg = Release|Any CPU
		{78DEBAD0-4265-4237-9FB3-2AEB63EED7EF}.Release|Any CPU.Build.0 = Release|Any CPU
		{78DEBAD0-4265-4237-9FB3-2AEB63EED7EF}.Release|Mixed Platforms.ActiveCfg = Release|Any CPU
		{78DEBAD0-4265-4237-9FB3-2AEB63EED7EF}.Release|Mixed Platforms.Build.0 = Release|Any CPU
		{78DEBAD0-4265-4237-9FB3-2AEB63EED7EF}.Release|x64.ActiveCfg = Release|Any CPU
		{78DEBAD0-4265-4237-9FB3-2AEB63EED7EF}.Release|x86.ActiveCfg = Release|Any CPU
>>>>>>> cfb69ce8199c03d8c1e9b84a890218e1645564d5
	EndGlobalSection
	GlobalSection(SolutionProperties) = preSolution
		HideSolutionNode = FALSE
	EndGlobalSection
EndGlobal
