
Microsoft Visual Studio Solution File, Format Version 10.00
# Visual Studio 2008
Project("{8BC9CEB8-8B4A-11D0-8D11-00A0C91BC942}") = "fipTest", "fipTest.2008.vcproj", "{66DCA866-A381-42D5-97FB-9792066C0F20}"
EndProject
Global
	GlobalSection(SolutionConfigurationPlatforms) = preSolution
		Debug|Win32 = Debug|Win32
		Debug|x64 = Debug|x64
		Release|Win32 = Release|Win32
		Release|x64 = Release|x64
	EndGlobalSection
	GlobalSection(ProjectConfigurationPlatforms) = postSolution
		{66DCA866-A381-42D5-97FB-9792066C0F20}.Debug|Win32.ActiveCfg = Debug|Win32
		{66DCA866-A381-42D5-97FB-9792066C0F20}.Debug|Win32.Build.0 = Debug|Win32
		{66DCA866-A381-42D5-97FB-9792066C0F20}.Debug|x64.ActiveCfg = Debug|x64
		{66DCA866-A381-42D5-97FB-9792066C0F20}.Debug|x64.Build.0 = Debug|x64
		{66DCA866-A381-42D5-97FB-9792066C0F20}.Release|Win32.ActiveCfg = Release|Win32
		{66DCA866-A381-42D5-97FB-9792066C0F20}.Release|Win32.Build.0 = Release|Win32
		{66DCA866-A381-42D5-97FB-9792066C0F20}.Release|x64.ActiveCfg = Release|x64
		{66DCA866-A381-42D5-97FB-9792066C0F20}.Release|x64.Build.0 = Release|x64
	EndGlobalSection
	GlobalSection(SolutionProperties) = preSolution
		HideSolutionNode = FALSE
	EndGlobalSection
EndGlobal
