
Microsoft Visual Studio Solution File, Format Version 12.00
# Visual Studio 2013
VisualStudioVersion = 12.0.30501.0
MinimumVisualStudioVersion = 10.0.40219.1
Project("{FAE04EC0-301F-11D3-BF4B-00C04F79EFBC}") = "Max2Babylon", "Max2Babylon\Max2Babylon.csproj", "{DD7C931A-8FAF-4318-BB74-71DC858CC489}"
EndProject
Project("{FAE04EC0-301F-11D3-BF4B-00C04F79EFBC}") = "BabylonExport.Entities", "BabylonExport.Entities\BabylonExport.Entities.csproj", "{6150965A-658C-4263-89AD-4F980EB0675D}"
EndProject
Project("{FAE04EC0-301F-11D3-BF4B-00C04F79EFBC}") = "Max2Babylon2015", "Max2Babylon\2015\Max2Babylon2015.csproj", "{DD7C931A-8FAF-4318-BB74-71DC858CC400}"
EndProject
Global
	GlobalSection(SolutionConfigurationPlatforms) = preSolution
		Debug|Any CPU = Debug|Any CPU
		Release|Any CPU = Release|Any CPU
	EndGlobalSection
	GlobalSection(ProjectConfigurationPlatforms) = postSolution
		{DD7C931A-8FAF-4318-BB74-71DC858CC489}.Debug|Any CPU.ActiveCfg = Debug|Any CPU
		{DD7C931A-8FAF-4318-BB74-71DC858CC489}.Debug|Any CPU.Build.0 = Debug|Any CPU
		{DD7C931A-8FAF-4318-BB74-71DC858CC489}.Release|Any CPU.ActiveCfg = Release|Any CPU
		{DD7C931A-8FAF-4318-BB74-71DC858CC489}.Release|Any CPU.Build.0 = Release|Any CPU
		{6150965A-658C-4263-89AD-4F980EB0675D}.Debug|Any CPU.ActiveCfg = Debug|Any CPU
		{6150965A-658C-4263-89AD-4F980EB0675D}.Debug|Any CPU.Build.0 = Debug|Any CPU
		{6150965A-658C-4263-89AD-4F980EB0675D}.Release|Any CPU.ActiveCfg = Release|Any CPU
		{6150965A-658C-4263-89AD-4F980EB0675D}.Release|Any CPU.Build.0 = Release|Any CPU
		{DD7C931A-8FAF-4318-BB74-71DC858CC400}.Debug|Any CPU.ActiveCfg = Debug|Any CPU
		{DD7C931A-8FAF-4318-BB74-71DC858CC400}.Debug|Any CPU.Build.0 = Debug|Any CPU
		{DD7C931A-8FAF-4318-BB74-71DC858CC400}.Release|Any CPU.ActiveCfg = Release|Any CPU
		{DD7C931A-8FAF-4318-BB74-71DC858CC400}.Release|Any CPU.Build.0 = Release|Any CPU
	EndGlobalSection
	GlobalSection(SolutionProperties) = preSolution
		HideSolutionNode = FALSE
	EndGlobalSection
EndGlobal
