
Microsoft Visual Studio Solution File, Format Version 12.00
# Visual Studio 2013
VisualStudioVersion = 12.0.21005.1
MinimumVisualStudioVersion = 10.0.40219.1
Project("{FAE04EC0-301F-11D3-BF4B-00C04F79EFBC}") = "JSKompactor", "JSKompactor.csproj", "{E5AA2DCD-51FB-465B-9EF5-45BDA4DF7A63}"
EndProject
Global
	GlobalSection(TeamFoundationVersionControl) = preSolution
		SccNumberOfProjects = 1
		SccEnterpriseProvider = {4CA58AB2-18FA-4F8D-95D4-32DDF27D184C}
		SccTeamFoundationServer = https://deltakosh.visualstudio.com/defaultcollection
		SccProjectUniqueName0 = JSKompactor.csproj
		SccProjectName0 = .
		SccAuxPath0 = https://deltakosh.visualstudio.com/defaultcollection
		SccLocalPath0 = .
		SccProvider0 = {4CA58AB2-18FA-4F8D-95D4-32DDF27D184C}
	EndGlobalSection
	GlobalSection(SolutionConfigurationPlatforms) = preSolution
		Debug|Any CPU = Debug|Any CPU
		Debug|x64 = Debug|x64
		Debug|x86 = Debug|x86
		Release|Any CPU = Release|Any CPU
		Release|x64 = Release|x64
		Release|x86 = Release|x86
	EndGlobalSection
	GlobalSection(ProjectConfigurationPlatforms) = postSolution
		{E5AA2DCD-51FB-465B-9EF5-45BDA4DF7A63}.Debug|Any CPU.ActiveCfg = Debug|Any CPU
		{E5AA2DCD-51FB-465B-9EF5-45BDA4DF7A63}.Debug|Any CPU.Build.0 = Debug|Any CPU
		{E5AA2DCD-51FB-465B-9EF5-45BDA4DF7A63}.Debug|x64.ActiveCfg = Debug|x64
		{E5AA2DCD-51FB-465B-9EF5-45BDA4DF7A63}.Debug|x64.Build.0 = Debug|x64
		{E5AA2DCD-51FB-465B-9EF5-45BDA4DF7A63}.Debug|x86.ActiveCfg = Debug|x86
		{E5AA2DCD-51FB-465B-9EF5-45BDA4DF7A63}.Debug|x86.Build.0 = Debug|x86
		{E5AA2DCD-51FB-465B-9EF5-45BDA4DF7A63}.Release|Any CPU.ActiveCfg = Release|Any CPU
		{E5AA2DCD-51FB-465B-9EF5-45BDA4DF7A63}.Release|Any CPU.Build.0 = Release|Any CPU
		{E5AA2DCD-51FB-465B-9EF5-45BDA4DF7A63}.Release|x64.ActiveCfg = Release|x64
		{E5AA2DCD-51FB-465B-9EF5-45BDA4DF7A63}.Release|x64.Build.0 = Release|x64
		{E5AA2DCD-51FB-465B-9EF5-45BDA4DF7A63}.Release|x86.ActiveCfg = Release|x86
		{E5AA2DCD-51FB-465B-9EF5-45BDA4DF7A63}.Release|x86.Build.0 = Release|x86
	EndGlobalSection
	GlobalSection(SolutionProperties) = preSolution
		HideSolutionNode = FALSE
	EndGlobalSection
EndGlobal
