
Microsoft Visual Studio Solution File, Format Version 12.00
# Visual Studio 2013
VisualStudioVersion = 12.0.31101.0
MinimumVisualStudioVersion = 10.0.40219.1
Project("{8BC9CEB8-8B4A-11D0-8D11-00A0C91BC942}") = "BabylonFbxNative", "BabylonFbxNative\BabylonFbxNative.vcxproj", "{6C145CFB-31AC-4B28-8B74-26680D26A6E3}"
EndProject
Project("{8BC9CEB8-8B4A-11D0-8D11-00A0C91BC942}") = "FbxExporter", "FbxExporter\FbxExporter.vcxproj", "{DF8C65DD-1E5C-44BE-8FD2-457C72AA46FC}"
EndProject
Project("{8BC9CEB8-8B4A-11D0-8D11-00A0C91BC942}") = "DirectXTex", "3rdParty\DirectXTex\DirectXTex_Desktop_2013.vcxproj", "{371B9FA9-4C90-4AC6-A123-ACED756D6C77}"
EndProject
Project("{8BC9CEB8-8B4A-11D0-8D11-00A0C91BC942}") = "FbxRerouteSkeleton", "FbxRerouteSkeleton\FbxRerouteSkeleton.vcxproj", "{C4B4FC3F-B13B-4919-A412-15CF0C2A1E5C}"
EndProject
Global
	GlobalSection(SolutionConfigurationPlatforms) = preSolution
		Debug|Mixed Platforms = Debug|Mixed Platforms
		Debug|Win32 = Debug|Win32
		Debug|x64 = Debug|x64
		Debug|x86 = Debug|x86
		Profile|Mixed Platforms = Profile|Mixed Platforms
		Profile|Win32 = Profile|Win32
		Profile|x64 = Profile|x64
		Profile|x86 = Profile|x86
		Release|Mixed Platforms = Release|Mixed Platforms
		Release|Win32 = Release|Win32
		Release|x64 = Release|x64
		Release|x86 = Release|x86
	EndGlobalSection
	GlobalSection(ProjectConfigurationPlatforms) = postSolution
		{6C145CFB-31AC-4B28-8B74-26680D26A6E3}.Debug|Mixed Platforms.ActiveCfg = Debug|Win32
		{6C145CFB-31AC-4B28-8B74-26680D26A6E3}.Debug|Mixed Platforms.Build.0 = Debug|Win32
		{6C145CFB-31AC-4B28-8B74-26680D26A6E3}.Debug|Win32.ActiveCfg = Debug|Win32
		{6C145CFB-31AC-4B28-8B74-26680D26A6E3}.Debug|Win32.Build.0 = Debug|Win32
		{6C145CFB-31AC-4B28-8B74-26680D26A6E3}.Debug|x64.ActiveCfg = Debug|x64
		{6C145CFB-31AC-4B28-8B74-26680D26A6E3}.Debug|x64.Build.0 = Debug|x64
		{6C145CFB-31AC-4B28-8B74-26680D26A6E3}.Debug|x86.ActiveCfg = Debug|Win32
		{6C145CFB-31AC-4B28-8B74-26680D26A6E3}.Debug|x86.Build.0 = Debug|Win32
		{6C145CFB-31AC-4B28-8B74-26680D26A6E3}.Profile|Mixed Platforms.ActiveCfg = Release|Win32
		{6C145CFB-31AC-4B28-8B74-26680D26A6E3}.Profile|Mixed Platforms.Build.0 = Release|Win32
		{6C145CFB-31AC-4B28-8B74-26680D26A6E3}.Profile|Win32.ActiveCfg = Release|Win32
		{6C145CFB-31AC-4B28-8B74-26680D26A6E3}.Profile|Win32.Build.0 = Release|Win32
		{6C145CFB-31AC-4B28-8B74-26680D26A6E3}.Profile|x64.ActiveCfg = Release|x64
		{6C145CFB-31AC-4B28-8B74-26680D26A6E3}.Profile|x64.Build.0 = Release|x64
		{6C145CFB-31AC-4B28-8B74-26680D26A6E3}.Profile|x86.ActiveCfg = Release|Win32
		{6C145CFB-31AC-4B28-8B74-26680D26A6E3}.Profile|x86.Build.0 = Release|Win32
		{6C145CFB-31AC-4B28-8B74-26680D26A6E3}.Release|Mixed Platforms.ActiveCfg = Release|Win32
		{6C145CFB-31AC-4B28-8B74-26680D26A6E3}.Release|Mixed Platforms.Build.0 = Release|Win32
		{6C145CFB-31AC-4B28-8B74-26680D26A6E3}.Release|Win32.ActiveCfg = Release|Win32
		{6C145CFB-31AC-4B28-8B74-26680D26A6E3}.Release|Win32.Build.0 = Release|Win32
		{6C145CFB-31AC-4B28-8B74-26680D26A6E3}.Release|x64.ActiveCfg = Release|x64
		{6C145CFB-31AC-4B28-8B74-26680D26A6E3}.Release|x64.Build.0 = Release|x64
		{6C145CFB-31AC-4B28-8B74-26680D26A6E3}.Release|x86.ActiveCfg = Release|Win32
		{6C145CFB-31AC-4B28-8B74-26680D26A6E3}.Release|x86.Build.0 = Release|Win32
		{DF8C65DD-1E5C-44BE-8FD2-457C72AA46FC}.Debug|Mixed Platforms.ActiveCfg = Debug|Win32
		{DF8C65DD-1E5C-44BE-8FD2-457C72AA46FC}.Debug|Mixed Platforms.Build.0 = Debug|Win32
		{DF8C65DD-1E5C-44BE-8FD2-457C72AA46FC}.Debug|Win32.ActiveCfg = Debug|Win32
		{DF8C65DD-1E5C-44BE-8FD2-457C72AA46FC}.Debug|Win32.Build.0 = Debug|Win32
		{DF8C65DD-1E5C-44BE-8FD2-457C72AA46FC}.Debug|x64.ActiveCfg = Debug|x64
		{DF8C65DD-1E5C-44BE-8FD2-457C72AA46FC}.Debug|x64.Build.0 = Debug|x64
		{DF8C65DD-1E5C-44BE-8FD2-457C72AA46FC}.Debug|x86.ActiveCfg = Debug|Win32
		{DF8C65DD-1E5C-44BE-8FD2-457C72AA46FC}.Debug|x86.Build.0 = Debug|Win32
		{DF8C65DD-1E5C-44BE-8FD2-457C72AA46FC}.Profile|Mixed Platforms.ActiveCfg = Release|Win32
		{DF8C65DD-1E5C-44BE-8FD2-457C72AA46FC}.Profile|Mixed Platforms.Build.0 = Release|Win32
		{DF8C65DD-1E5C-44BE-8FD2-457C72AA46FC}.Profile|Win32.ActiveCfg = Release|Win32
		{DF8C65DD-1E5C-44BE-8FD2-457C72AA46FC}.Profile|Win32.Build.0 = Release|Win32
		{DF8C65DD-1E5C-44BE-8FD2-457C72AA46FC}.Profile|x64.ActiveCfg = Release|x64
		{DF8C65DD-1E5C-44BE-8FD2-457C72AA46FC}.Profile|x64.Build.0 = Release|x64
		{DF8C65DD-1E5C-44BE-8FD2-457C72AA46FC}.Profile|x86.ActiveCfg = Release|Win32
		{DF8C65DD-1E5C-44BE-8FD2-457C72AA46FC}.Profile|x86.Build.0 = Release|Win32
		{DF8C65DD-1E5C-44BE-8FD2-457C72AA46FC}.Release|Mixed Platforms.ActiveCfg = Release|Win32
		{DF8C65DD-1E5C-44BE-8FD2-457C72AA46FC}.Release|Mixed Platforms.Build.0 = Release|Win32
		{DF8C65DD-1E5C-44BE-8FD2-457C72AA46FC}.Release|Win32.ActiveCfg = Release|Win32
		{DF8C65DD-1E5C-44BE-8FD2-457C72AA46FC}.Release|Win32.Build.0 = Release|Win32
		{DF8C65DD-1E5C-44BE-8FD2-457C72AA46FC}.Release|x64.ActiveCfg = Release|x64
		{DF8C65DD-1E5C-44BE-8FD2-457C72AA46FC}.Release|x64.Build.0 = Release|x64
		{DF8C65DD-1E5C-44BE-8FD2-457C72AA46FC}.Release|x86.ActiveCfg = Release|Win32
		{DF8C65DD-1E5C-44BE-8FD2-457C72AA46FC}.Release|x86.Build.0 = Release|Win32
		{371B9FA9-4C90-4AC6-A123-ACED756D6C77}.Debug|Mixed Platforms.ActiveCfg = Debug|Win32
		{371B9FA9-4C90-4AC6-A123-ACED756D6C77}.Debug|Mixed Platforms.Build.0 = Debug|Win32
		{371B9FA9-4C90-4AC6-A123-ACED756D6C77}.Debug|Win32.ActiveCfg = Debug|Win32
		{371B9FA9-4C90-4AC6-A123-ACED756D6C77}.Debug|Win32.Build.0 = Debug|Win32
		{371B9FA9-4C90-4AC6-A123-ACED756D6C77}.Debug|x64.ActiveCfg = Debug|x64
		{371B9FA9-4C90-4AC6-A123-ACED756D6C77}.Debug|x64.Build.0 = Debug|x64
		{371B9FA9-4C90-4AC6-A123-ACED756D6C77}.Debug|x86.ActiveCfg = Debug|Win32
		{371B9FA9-4C90-4AC6-A123-ACED756D6C77}.Debug|x86.Build.0 = Debug|Win32
		{371B9FA9-4C90-4AC6-A123-ACED756D6C77}.Profile|Mixed Platforms.ActiveCfg = Profile|Win32
		{371B9FA9-4C90-4AC6-A123-ACED756D6C77}.Profile|Mixed Platforms.Build.0 = Profile|Win32
		{371B9FA9-4C90-4AC6-A123-ACED756D6C77}.Profile|Win32.ActiveCfg = Profile|Win32
		{371B9FA9-4C90-4AC6-A123-ACED756D6C77}.Profile|Win32.Build.0 = Profile|Win32
		{371B9FA9-4C90-4AC6-A123-ACED756D6C77}.Profile|x64.ActiveCfg = Profile|x64
		{371B9FA9-4C90-4AC6-A123-ACED756D6C77}.Profile|x64.Build.0 = Profile|x64
		{371B9FA9-4C90-4AC6-A123-ACED756D6C77}.Profile|x86.ActiveCfg = Profile|Win32
		{371B9FA9-4C90-4AC6-A123-ACED756D6C77}.Profile|x86.Build.0 = Profile|Win32
		{371B9FA9-4C90-4AC6-A123-ACED756D6C77}.Release|Mixed Platforms.ActiveCfg = Release|Win32
		{371B9FA9-4C90-4AC6-A123-ACED756D6C77}.Release|Mixed Platforms.Build.0 = Release|Win32
		{371B9FA9-4C90-4AC6-A123-ACED756D6C77}.Release|Win32.ActiveCfg = Release|Win32
		{371B9FA9-4C90-4AC6-A123-ACED756D6C77}.Release|Win32.Build.0 = Release|Win32
		{371B9FA9-4C90-4AC6-A123-ACED756D6C77}.Release|x64.ActiveCfg = Release|x64
		{371B9FA9-4C90-4AC6-A123-ACED756D6C77}.Release|x64.Build.0 = Release|x64
		{371B9FA9-4C90-4AC6-A123-ACED756D6C77}.Release|x86.ActiveCfg = Release|Win32
		{371B9FA9-4C90-4AC6-A123-ACED756D6C77}.Release|x86.Build.0 = Release|Win32
		{C4B4FC3F-B13B-4919-A412-15CF0C2A1E5C}.Debug|Mixed Platforms.ActiveCfg = Debug|Win32
		{C4B4FC3F-B13B-4919-A412-15CF0C2A1E5C}.Debug|Mixed Platforms.Build.0 = Debug|Win32
		{C4B4FC3F-B13B-4919-A412-15CF0C2A1E5C}.Debug|Win32.ActiveCfg = Debug|Win32
		{C4B4FC3F-B13B-4919-A412-15CF0C2A1E5C}.Debug|Win32.Build.0 = Debug|Win32
		{C4B4FC3F-B13B-4919-A412-15CF0C2A1E5C}.Debug|x64.ActiveCfg = Debug|x64
		{C4B4FC3F-B13B-4919-A412-15CF0C2A1E5C}.Debug|x64.Build.0 = Debug|x64
		{C4B4FC3F-B13B-4919-A412-15CF0C2A1E5C}.Debug|x86.ActiveCfg = Debug|Win32
		{C4B4FC3F-B13B-4919-A412-15CF0C2A1E5C}.Debug|x86.Build.0 = Debug|Win32
		{C4B4FC3F-B13B-4919-A412-15CF0C2A1E5C}.Profile|Mixed Platforms.ActiveCfg = Release|Win32
		{C4B4FC3F-B13B-4919-A412-15CF0C2A1E5C}.Profile|Mixed Platforms.Build.0 = Release|Win32
		{C4B4FC3F-B13B-4919-A412-15CF0C2A1E5C}.Profile|Win32.ActiveCfg = Release|Win32
		{C4B4FC3F-B13B-4919-A412-15CF0C2A1E5C}.Profile|Win32.Build.0 = Release|Win32
		{C4B4FC3F-B13B-4919-A412-15CF0C2A1E5C}.Profile|x64.ActiveCfg = Release|Win32
		{C4B4FC3F-B13B-4919-A412-15CF0C2A1E5C}.Profile|x86.ActiveCfg = Release|Win32
		{C4B4FC3F-B13B-4919-A412-15CF0C2A1E5C}.Profile|x86.Build.0 = Release|Win32
		{C4B4FC3F-B13B-4919-A412-15CF0C2A1E5C}.Release|Mixed Platforms.ActiveCfg = Release|Win32
		{C4B4FC3F-B13B-4919-A412-15CF0C2A1E5C}.Release|Mixed Platforms.Build.0 = Release|Win32
		{C4B4FC3F-B13B-4919-A412-15CF0C2A1E5C}.Release|Win32.ActiveCfg = Release|Win32
		{C4B4FC3F-B13B-4919-A412-15CF0C2A1E5C}.Release|Win32.Build.0 = Release|Win32
		{C4B4FC3F-B13B-4919-A412-15CF0C2A1E5C}.Release|x64.ActiveCfg = Release|x64
		{C4B4FC3F-B13B-4919-A412-15CF0C2A1E5C}.Release|x64.Build.0 = Release|x64
		{C4B4FC3F-B13B-4919-A412-15CF0C2A1E5C}.Release|x86.ActiveCfg = Release|Win32
		{C4B4FC3F-B13B-4919-A412-15CF0C2A1E5C}.Release|x86.Build.0 = Release|Win32
	EndGlobalSection
	GlobalSection(SolutionProperties) = preSolution
		HideSolutionNode = FALSE
	EndGlobalSection
EndGlobal
