
Microsoft Visual Studio Solution File, Format Version 12.00
# Visual Studio 2013
VisualStudioVersion = 12.0.21005.1
MinimumVisualStudioVersion = 10.0.40219.1
Project("{FAE04EC0-301F-11D3-BF4B-00C04F79EFBC}") = "BabylonJS", "BabylonJS\BabylonJS.csproj", "{0263AD0D-56E6-4439-BC05-6EC957200F52}"
EndProject
Project("{FAE04EC0-301F-11D3-BF4B-00C04F79EFBC}") = "BuildOurOwnBabylonJSServer", "BuildOurOwnBabylonJSServer\BuildOurOwnBabylonJSServer.csproj", "{93EF5B02-72EB-4B55-831E-E5051269EDA6}"
EndProject
Project("{FAE04EC0-301F-11D3-BF4B-00C04F79EFBC}") = "BuildOurOwnBabylonJS", "BuildOurOwnBabylonJS\BuildOurOwnBabylonJS.csproj", "{CFBE5149-1605-4824-8BD2-55C9B3C1DA60}"
EndProject
Project("{262852C6-CD72-467D-83FE-5EEB1973A190}") = "BuildOurOwnBabylonJSWinJSApp", "BuildOurOwnBabylonJSWinJSApp\BuildOurOwnBabylonJSWinJSApp.jsproj", "{7CDB4B83-4E3E-48D1-B982-9C33CA60712A}"
EndProject
Project("{FAE04EC0-301F-11D3-BF4B-00C04F79EFBC}") = "BuildOurOwnBabylonJSShared", "BuildOurOwnBabylonJSShared\BuildOurOwnBabylonJSShared.csproj", "{F0ABEBA9-1D9B-47C8-9033-E054BF198791}"
EndProject
Global
	GlobalSection(SolutionConfigurationPlatforms) = preSolution
		Debug|Any CPU = Debug|Any CPU
		Debug|ARM = Debug|ARM
		Debug|Mixed Platforms = Debug|Mixed Platforms
		Debug|x64 = Debug|x64
		Debug|x86 = Debug|x86
		Release|Any CPU = Release|Any CPU
		Release|ARM = Release|ARM
		Release|Mixed Platforms = Release|Mixed Platforms
		Release|x64 = Release|x64
		Release|x86 = Release|x86
	EndGlobalSection
	GlobalSection(ProjectConfigurationPlatforms) = postSolution
		{0263AD0D-56E6-4439-BC05-6EC957200F52}.Debug|Any CPU.ActiveCfg = Debug|x86
		{0263AD0D-56E6-4439-BC05-6EC957200F52}.Debug|Any CPU.Build.0 = Debug|x86
		{0263AD0D-56E6-4439-BC05-6EC957200F52}.Debug|ARM.ActiveCfg = Debug|x86
		{0263AD0D-56E6-4439-BC05-6EC957200F52}.Debug|Mixed Platforms.ActiveCfg = Debug|x86
		{0263AD0D-56E6-4439-BC05-6EC957200F52}.Debug|Mixed Platforms.Build.0 = Debug|x86
		{0263AD0D-56E6-4439-BC05-6EC957200F52}.Debug|x64.ActiveCfg = Debug|x86
		{0263AD0D-56E6-4439-BC05-6EC957200F52}.Debug|x86.ActiveCfg = Debug|x86
		{0263AD0D-56E6-4439-BC05-6EC957200F52}.Debug|x86.Build.0 = Debug|x86
		{0263AD0D-56E6-4439-BC05-6EC957200F52}.Release|Any CPU.ActiveCfg = Release|x86
		{0263AD0D-56E6-4439-BC05-6EC957200F52}.Release|Any CPU.Build.0 = Release|x86
		{0263AD0D-56E6-4439-BC05-6EC957200F52}.Release|ARM.ActiveCfg = Release|x86
		{0263AD0D-56E6-4439-BC05-6EC957200F52}.Release|Mixed Platforms.ActiveCfg = Release|x86
		{0263AD0D-56E6-4439-BC05-6EC957200F52}.Release|Mixed Platforms.Build.0 = Release|x86
		{0263AD0D-56E6-4439-BC05-6EC957200F52}.Release|x64.ActiveCfg = Release|x86
		{0263AD0D-56E6-4439-BC05-6EC957200F52}.Release|x86.ActiveCfg = Release|x86
		{0263AD0D-56E6-4439-BC05-6EC957200F52}.Release|x86.Build.0 = Release|x86
		{93EF5B02-72EB-4B55-831E-E5051269EDA6}.Debug|Any CPU.ActiveCfg = Debug|x86
		{93EF5B02-72EB-4B55-831E-E5051269EDA6}.Debug|Any CPU.Build.0 = Debug|x86
		{93EF5B02-72EB-4B55-831E-E5051269EDA6}.Debug|ARM.ActiveCfg = Debug|x86
		{93EF5B02-72EB-4B55-831E-E5051269EDA6}.Debug|Mixed Platforms.ActiveCfg = Debug|x86
		{93EF5B02-72EB-4B55-831E-E5051269EDA6}.Debug|Mixed Platforms.Build.0 = Debug|x86
		{93EF5B02-72EB-4B55-831E-E5051269EDA6}.Debug|x64.ActiveCfg = Debug|x86
		{93EF5B02-72EB-4B55-831E-E5051269EDA6}.Debug|x86.ActiveCfg = Debug|x86
		{93EF5B02-72EB-4B55-831E-E5051269EDA6}.Debug|x86.Build.0 = Debug|x86
		{93EF5B02-72EB-4B55-831E-E5051269EDA6}.Release|Any CPU.ActiveCfg = Release|x86
		{93EF5B02-72EB-4B55-831E-E5051269EDA6}.Release|Any CPU.Build.0 = Release|x86
		{93EF5B02-72EB-4B55-831E-E5051269EDA6}.Release|ARM.ActiveCfg = Release|x86
		{93EF5B02-72EB-4B55-831E-E5051269EDA6}.Release|Mixed Platforms.ActiveCfg = Release|x86
		{93EF5B02-72EB-4B55-831E-E5051269EDA6}.Release|Mixed Platforms.Build.0 = Release|x86
		{93EF5B02-72EB-4B55-831E-E5051269EDA6}.Release|x64.ActiveCfg = Release|x86
		{93EF5B02-72EB-4B55-831E-E5051269EDA6}.Release|x86.ActiveCfg = Release|x86
		{93EF5B02-72EB-4B55-831E-E5051269EDA6}.Release|x86.Build.0 = Release|x86
		{CFBE5149-1605-4824-8BD2-55C9B3C1DA60}.Debug|Any CPU.ActiveCfg = Debug|x86
		{CFBE5149-1605-4824-8BD2-55C9B3C1DA60}.Debug|Any CPU.Build.0 = Debug|x86
		{CFBE5149-1605-4824-8BD2-55C9B3C1DA60}.Debug|ARM.ActiveCfg = Debug|x86
		{CFBE5149-1605-4824-8BD2-55C9B3C1DA60}.Debug|Mixed Platforms.ActiveCfg = Debug|x86
		{CFBE5149-1605-4824-8BD2-55C9B3C1DA60}.Debug|Mixed Platforms.Build.0 = Debug|x86
		{CFBE5149-1605-4824-8BD2-55C9B3C1DA60}.Debug|x64.ActiveCfg = Debug|x86
		{CFBE5149-1605-4824-8BD2-55C9B3C1DA60}.Debug|x86.ActiveCfg = Debug|x86
		{CFBE5149-1605-4824-8BD2-55C9B3C1DA60}.Debug|x86.Build.0 = Debug|x86
		{CFBE5149-1605-4824-8BD2-55C9B3C1DA60}.Release|Any CPU.ActiveCfg = Release|x86
		{CFBE5149-1605-4824-8BD2-55C9B3C1DA60}.Release|Any CPU.Build.0 = Release|x86
		{CFBE5149-1605-4824-8BD2-55C9B3C1DA60}.Release|ARM.ActiveCfg = Release|x86
		{CFBE5149-1605-4824-8BD2-55C9B3C1DA60}.Release|Mixed Platforms.ActiveCfg = Release|x86
		{CFBE5149-1605-4824-8BD2-55C9B3C1DA60}.Release|Mixed Platforms.Build.0 = Release|x86
		{CFBE5149-1605-4824-8BD2-55C9B3C1DA60}.Release|x64.ActiveCfg = Release|x86
		{CFBE5149-1605-4824-8BD2-55C9B3C1DA60}.Release|x86.ActiveCfg = Release|x86
		{CFBE5149-1605-4824-8BD2-55C9B3C1DA60}.Release|x86.Build.0 = Release|x86
		{7CDB4B83-4E3E-48D1-B982-9C33CA60712A}.Debug|Any CPU.ActiveCfg = Debug|Any CPU
		{7CDB4B83-4E3E-48D1-B982-9C33CA60712A}.Debug|Any CPU.Build.0 = Debug|Any CPU
		{7CDB4B83-4E3E-48D1-B982-9C33CA60712A}.Debug|Any CPU.Deploy.0 = Debug|Any CPU
		{7CDB4B83-4E3E-48D1-B982-9C33CA60712A}.Debug|ARM.ActiveCfg = Debug|ARM
		{7CDB4B83-4E3E-48D1-B982-9C33CA60712A}.Debug|ARM.Build.0 = Debug|ARM
		{7CDB4B83-4E3E-48D1-B982-9C33CA60712A}.Debug|ARM.Deploy.0 = Debug|ARM
		{7CDB4B83-4E3E-48D1-B982-9C33CA60712A}.Debug|Mixed Platforms.ActiveCfg = Debug|x86
		{7CDB4B83-4E3E-48D1-B982-9C33CA60712A}.Debug|Mixed Platforms.Build.0 = Debug|x86
		{7CDB4B83-4E3E-48D1-B982-9C33CA60712A}.Debug|Mixed Platforms.Deploy.0 = Debug|x86
		{7CDB4B83-4E3E-48D1-B982-9C33CA60712A}.Debug|x64.ActiveCfg = Debug|x64
		{7CDB4B83-4E3E-48D1-B982-9C33CA60712A}.Debug|x64.Build.0 = Debug|x64
		{7CDB4B83-4E3E-48D1-B982-9C33CA60712A}.Debug|x64.Deploy.0 = Debug|x64
		{7CDB4B83-4E3E-48D1-B982-9C33CA60712A}.Debug|x86.ActiveCfg = Debug|x86
		{7CDB4B83-4E3E-48D1-B982-9C33CA60712A}.Debug|x86.Build.0 = Debug|x86
		{7CDB4B83-4E3E-48D1-B982-9C33CA60712A}.Debug|x86.Deploy.0 = Debug|x86
		{7CDB4B83-4E3E-48D1-B982-9C33CA60712A}.Release|Any CPU.ActiveCfg = Release|Any CPU
		{7CDB4B83-4E3E-48D1-B982-9C33CA60712A}.Release|Any CPU.Build.0 = Release|Any CPU
		{7CDB4B83-4E3E-48D1-B982-9C33CA60712A}.Release|Any CPU.Deploy.0 = Release|Any CPU
		{7CDB4B83-4E3E-48D1-B982-9C33CA60712A}.Release|ARM.ActiveCfg = Release|ARM
		{7CDB4B83-4E3E-48D1-B982-9C33CA60712A}.Release|ARM.Build.0 = Release|ARM
		{7CDB4B83-4E3E-48D1-B982-9C33CA60712A}.Release|ARM.Deploy.0 = Release|ARM
		{7CDB4B83-4E3E-48D1-B982-9C33CA60712A}.Release|Mixed Platforms.ActiveCfg = Release|x86
		{7CDB4B83-4E3E-48D1-B982-9C33CA60712A}.Release|Mixed Platforms.Build.0 = Release|x86
		{7CDB4B83-4E3E-48D1-B982-9C33CA60712A}.Release|Mixed Platforms.Deploy.0 = Release|x86
		{7CDB4B83-4E3E-48D1-B982-9C33CA60712A}.Release|x64.ActiveCfg = Release|x64
		{7CDB4B83-4E3E-48D1-B982-9C33CA60712A}.Release|x64.Build.0 = Release|x64
		{7CDB4B83-4E3E-48D1-B982-9C33CA60712A}.Release|x64.Deploy.0 = Release|x64
		{7CDB4B83-4E3E-48D1-B982-9C33CA60712A}.Release|x86.ActiveCfg = Release|x86
		{7CDB4B83-4E3E-48D1-B982-9C33CA60712A}.Release|x86.Build.0 = Release|x86
		{7CDB4B83-4E3E-48D1-B982-9C33CA60712A}.Release|x86.Deploy.0 = Release|x86
		{F0ABEBA9-1D9B-47C8-9033-E054BF198791}.Debug|Any CPU.ActiveCfg = Debug|Any CPU
		{F0ABEBA9-1D9B-47C8-9033-E054BF198791}.Debug|Any CPU.Build.0 = Debug|Any CPU
		{F0ABEBA9-1D9B-47C8-9033-E054BF198791}.Debug|ARM.ActiveCfg = Debug|Any CPU
		{F0ABEBA9-1D9B-47C8-9033-E054BF198791}.Debug|Mixed Platforms.ActiveCfg = Debug|Any CPU
		{F0ABEBA9-1D9B-47C8-9033-E054BF198791}.Debug|Mixed Platforms.Build.0 = Debug|Any CPU
		{F0ABEBA9-1D9B-47C8-9033-E054BF198791}.Debug|x64.ActiveCfg = Debug|Any CPU
		{F0ABEBA9-1D9B-47C8-9033-E054BF198791}.Debug|x86.ActiveCfg = Debug|Any CPU
		{F0ABEBA9-1D9B-47C8-9033-E054BF198791}.Release|Any CPU.ActiveCfg = Release|Any CPU
		{F0ABEBA9-1D9B-47C8-9033-E054BF198791}.Release|Any CPU.Build.0 = Release|Any CPU
		{F0ABEBA9-1D9B-47C8-9033-E054BF198791}.Release|ARM.ActiveCfg = Release|Any CPU
		{F0ABEBA9-1D9B-47C8-9033-E054BF198791}.Release|Mixed Platforms.ActiveCfg = Release|Any CPU
		{F0ABEBA9-1D9B-47C8-9033-E054BF198791}.Release|Mixed Platforms.Build.0 = Release|Any CPU
		{F0ABEBA9-1D9B-47C8-9033-E054BF198791}.Release|x64.ActiveCfg = Release|Any CPU
		{F0ABEBA9-1D9B-47C8-9033-E054BF198791}.Release|x86.ActiveCfg = Release|Any CPU
	EndGlobalSection
	GlobalSection(SolutionProperties) = preSolution
		HideSolutionNode = FALSE
	EndGlobalSection
EndGlobal
